
Microsoft Visual Studio Solution File, Format Version 12.00
# Visual Studio 2013
VisualStudioVersion = 12.0.30110.0
MinimumVisualStudioVersion = 10.0.40219.1
Project("{FAE04EC0-301F-11D3-BF4B-00C04F79EFBC}") = "fitnesstracker", "fitnesstracker\fitnesstracker.csproj", "{DEA3A280-7D03-4961-ABEE-9F12B9E79937}"
EndProject
Project("{FAE04EC0-301F-11D3-BF4B-00C04F79EFBC}") = "fitnesstracker.Tests", "fitnesstracker.Tests\fitnesstracker.Tests.csproj", "{01E98C62-1D5C-4140-9097-8078591F17AB}"
EndProject
Global
	GlobalSection(SolutionConfigurationPlatforms) = preSolution
		Debug|Any CPU = Debug|Any CPU
		Release|Any CPU = Release|Any CPU
	EndGlobalSection
	GlobalSection(ProjectConfigurationPlatforms) = postSolution
		{DEA3A280-7D03-4961-ABEE-9F12B9E79937}.Debug|Any CPU.ActiveCfg = Debug|Any CPU
		{DEA3A280-7D03-4961-ABEE-9F12B9E79937}.Debug|Any CPU.Build.0 = Debug|Any CPU
		{DEA3A280-7D03-4961-ABEE-9F12B9E79937}.Release|Any CPU.ActiveCfg = Release|Any CPU
		{DEA3A280-7D03-4961-ABEE-9F12B9E79937}.Release|Any CPU.Build.0 = Release|Any CPU
		{01E98C62-1D5C-4140-9097-8078591F17AB}.Debug|Any CPU.ActiveCfg = Debug|Any CPU
		{01E98C62-1D5C-4140-9097-8078591F17AB}.Debug|Any CPU.Build.0 = Debug|Any CPU
		{01E98C62-1D5C-4140-9097-8078591F17AB}.Release|Any CPU.ActiveCfg = Release|Any CPU
		{01E98C62-1D5C-4140-9097-8078591F17AB}.Release|Any CPU.Build.0 = Release|Any CPU
	EndGlobalSection
	GlobalSection(SolutionProperties) = preSolution
		HideSolutionNode = FALSE
	EndGlobalSection
EndGlobal
